
Microsoft Visual Studio Solution File, Format Version 12.00
# Visual Studio Version 17
VisualStudioVersion = 17.14.36414.22 d17.14
MinimumVisualStudioVersion = 10.0.40219.1
Project("{FAE04EC0-301F-11D3-BF4B-00C04F79EFBC}") = "Project 2-2", "Project 2-2.csproj", "{9021FCB4-0744-4245-94FD-2F9A0B8CCC0D}"
EndProject
Global
	GlobalSection(SolutionConfigurationPlatforms) = preSolution
		Debug|Any CPU = Debug|Any CPU
		Release|Any CPU = Release|Any CPU
	EndGlobalSection
	GlobalSection(ProjectConfigurationPlatforms) = postSolution
		{9021FCB4-0744-4245-94FD-2F9A0B8CCC0D}.Debug|Any CPU.ActiveCfg = Debug|Any CPU
		{9021FCB4-0744-4245-94FD-2F9A0B8CCC0D}.Debug|Any CPU.Build.0 = Debug|Any CPU
		{9021FCB4-0744-4245-94FD-2F9A0B8CCC0D}.Release|Any CPU.ActiveCfg = Release|Any CPU
		{9021FCB4-0744-4245-94FD-2F9A0B8CCC0D}.Release|Any CPU.Build.0 = Release|Any CPU
	EndGlobalSection
	GlobalSection(SolutionProperties) = preSolution
		HideSolutionNode = FALSE
	EndGlobalSection
	GlobalSection(ExtensibilityGlobals) = postSolution
		SolutionGuid = {187A3CEE-E4A2-4377-9F26-5F358B7D96B1}
	EndGlobalSection
EndGlobal
